
Microsoft Visual Studio Solution File, Format Version 12.00
# Visual Studio Version 17
VisualStudioVersion = 17.11.35327.3
MinimumVisualStudioVersion = 10.0.40219.1
Project("{FAE04EC0-301F-11D3-BF4B-00C04F79EFBC}") = "testing Front", "testing Front\testing Front.csproj", "{4890DF58-6F54-466E-948B-C7029857CC67}"
EndProject
Global
	GlobalSection(SolutionConfigurationPlatforms) = preSolution
		Debug|Any CPU = Debug|Any CPU
		Release|Any CPU = Release|Any CPU
	EndGlobalSection
	GlobalSection(ProjectConfigurationPlatforms) = postSolution
		{4890DF58-6F54-466E-948B-C7029857CC67}.Debug|Any CPU.ActiveCfg = Debug|Any CPU
		{4890DF58-6F54-466E-948B-C7029857CC67}.Debug|Any CPU.Build.0 = Debug|Any CPU
		{4890DF58-6F54-466E-948B-C7029857CC67}.Release|Any CPU.ActiveCfg = Release|Any CPU
		{4890DF58-6F54-466E-948B-C7029857CC67}.Release|Any CPU.Build.0 = Release|Any CPU
	EndGlobalSection
	GlobalSection(SolutionProperties) = preSolution
		HideSolutionNode = FALSE
	EndGlobalSection
	GlobalSection(ExtensibilityGlobals) = postSolution
		SolutionGuid = {3E121286-C04C-492E-A022-1794B47F5C4D}
	EndGlobalSection
EndGlobal
